PODS:
  - AFNetworking (4.0.1):
    - AFNetworking/NSURLSession (= 4.0.1)
    - AFNetworking/Reachability (= 4.0.1)
    - AFNetworking/Security (= 4.0.1)
    - AFNetworking/Serialization (= 4.0.1)
    - AFNetworking/UIKit (= 4.0.1)
  - AFNetworking/NSURLSession (4.0.1):
    - AFNetworking/Reachability
    - AFNetworking/Security
    - AFNetworking/Serialization
  - AFNetworking/Reachability (4.0.1)
  - AFNetworking/Security (4.0.1)
  - AFNetworking/Serialization (4.0.1)
  - AFNetworking/UIKit (4.0.1):
    - AFNetworking/NSURLSession
  - AppLovinMediationFacebookAdapter (6.15.0.0):
    - AppLovinSDK
    - FBAudienceNetwork (= 6.15.0)
  - AppLovinMediationFyberAdapter (8.2.8.0):
    - AppLovinSDK
    - Fyber_Marketplace_SDK (= 8.2.8)
  - AppLovinMediationGoogleAdapter (11.3.0.0):
    - AppLovinSDK
    - Google-Mobile-Ads-SDK (= 11.3.0)
  - AppLovinMediationGoogleAdManagerAdapter (11.3.0.0):
    - AppLovinSDK
    - Google-Mobile-Ads-SDK (= 11.3.0)
  - AppLovinMediationInMobiAdapter (10.7.2.0):
    - AppLovinSDK
    - InMobiSDK (= 10.7.2)
  - AppLovinMediationIronSourceAdapter (8.0.0.0.0):
    - AppLovinSDK
    - IronSourceSDK (= 8.0.0.0)
  - AppLovinMediationMintegralAdapter (7.6.3.0.0):
    - AppLovinSDK
    - MintegralAdSDK (= 7.6.3)
    - MintegralAdSDK/BidSplashAd (= 7.6.3)
  - AppLovinMediationUnityAdsAdapter (4.10.0.0):
    - AppLovinSDK
    - UnityAds (= 4.10.0)
  - AppLovinMediationVerveAdapter (3.0.0.0):
    - AppLovinSDK
    - HyBid (= 3.0.0)
  - AppLovinMediationVungleAdapter (7.3.1.0):
    - AppLovinSDK
    - VungleAds (= 7.3.1)
  - AppLovinSDK (12.4.1)
  - AppsFlyerFramework (6.14.3):
    - AppsFlyerFramework/Main (= 6.14.3)
  - AppsFlyerFramework/Main (6.14.3)
  - ATOM-Standalone (3.0.7)
  - AvoidCrash (2.5.2)
  - FBAudienceNetwork (6.15.0)
  - FirebaseAnalytics (10.24.0):
    - FirebaseAnalytics/AdIdSupport (= 10.24.0)
    - FirebaseCore (~> 10.0)
    - FirebaseInstallations (~> 10.0)
    - GoogleUtilities/AppDelegateSwizzler (~> 7.11)
    - GoogleUtilities/MethodSwizzler (~> 7.11)
    - GoogleUtilities/Network (~> 7.11)
    - "GoogleUtilities/NSData+zlib (~> 7.11)"
    - nanopb (< 2.30911.0, >= 2.30908.0)
  - FirebaseAnalytics/AdIdSupport (10.24.0):
    - FirebaseCore (~> 10.0)
    - FirebaseInstallations (~> 10.0)
    - GoogleAppMeasurement (= 10.24.0)
    - GoogleUtilities/AppDelegateSwizzler (~> 7.11)
    - GoogleUtilities/MethodSwizzler (~> 7.11)
    - GoogleUtilities/Network (~> 7.11)
    - "GoogleUtilities/NSData+zlib (~> 7.11)"
    - nanopb (< 2.30911.0, >= 2.30908.0)
  - FirebaseCore (10.24.0):
    - FirebaseCoreInternal (~> 10.0)
    - GoogleUtilities/Environment (~> 7.12)
    - GoogleUtilities/Logger (~> 7.12)
  - FirebaseCoreInternal (10.24.0):
    - "GoogleUtilities/NSData+zlib (~> 7.8)"
  - FirebaseInstallations (10.24.0):
    - FirebaseCore (~> 10.0)
    - GoogleUtilities/Environment (~> 7.8)
    - GoogleUtilities/UserDefaults (~> 7.8)
    - PromisesObjC (~> 2.1)
  - FirebaseMessaging (10.24.0):
    - FirebaseCore (~> 10.0)
    - FirebaseInstallations (~> 10.0)
    - GoogleDataTransport (~> 9.3)
    - GoogleUtilities/AppDelegateSwizzler (~> 7.8)
    - GoogleUtilities/Environment (~> 7.8)
    - GoogleUtilities/Reachability (~> 7.8)
    - GoogleUtilities/UserDefaults (~> 7.8)
    - nanopb (< 2.30911.0, >= 2.30908.0)
  - FMDB (2.7.10):
    - FMDB/standard (= 2.7.10)
  - FMDB/standard (2.7.10)
  - Fyber_Marketplace_SDK (8.2.8)
  - Google-Mobile-Ads-SDK (11.3.0):
    - GoogleUserMessagingPlatform (>= 1.1)
  - GoogleAppMeasurement (10.24.0):
    - GoogleAppMeasurement/AdIdSupport (= 10.24.0)
    - GoogleUtilities/AppDelegateSwizzler (~> 7.11)
    - GoogleUtilities/MethodSwizzler (~> 7.11)
    - GoogleUtilities/Network (~> 7.11)
    - "GoogleUtilities/NSData+zlib (~> 7.11)"
    - nanopb (< 2.30911.0, >= 2.30908.0)
  - GoogleAppMeasurement/AdIdSupport (10.24.0):
    - GoogleAppMeasurement/WithoutAdIdSupport (= 10.24.0)
    - GoogleUtilities/AppDelegateSwizzler (~> 7.11)
    - GoogleUtilities/MethodSwizzler (~> 7.11)
    - GoogleUtilities/Network (~> 7.11)
    - "GoogleUtilities/NSData+zlib (~> 7.11)"
    - nanopb (< 2.30911.0, >= 2.30908.0)
  - GoogleAppMeasurement/WithoutAdIdSupport (10.24.0):
    - GoogleUtilities/AppDelegateSwizzler (~> 7.11)
    - GoogleUtilities/MethodSwizzler (~> 7.11)
    - GoogleUtilities/Network (~> 7.11)
    - "GoogleUtilities/NSData+zlib (~> 7.11)"
    - nanopb (< 2.30911.0, >= 2.30908.0)
  - GoogleDataTransport (9.4.1):
    - GoogleUtilities/Environment (~> 7.7)
    - nanopb (< 2.30911.0, >= 2.30908.0)
    - PromisesObjC (< 3.0, >= 1.2)
  - GoogleUserMessagingPlatform (2.4.0)
  - GoogleUtilities/AppDelegateSwizzler (7.13.0):
    - GoogleUtilities/Environment
    - GoogleUtilities/Logger
    - GoogleUtilities/Network
    - GoogleUtilities/Privacy
  - GoogleUtilities/Environment (7.13.0):
    - GoogleUtilities/Privacy
    - PromisesObjC (< 3.0, >= 1.2)
  - GoogleUtilities/Logger (7.13.0):
    - GoogleUtilities/Environment
    - GoogleUtilities/Privacy
  - GoogleUtilities/MethodSwizzler (7.13.0):
    - GoogleUtilities/Logger
    - GoogleUtilities/Privacy
  - GoogleUtilities/Network (7.13.0):
    - GoogleUtilities/Logger
    - "GoogleUtilities/NSData+zlib"
    - GoogleUtilities/Privacy
    - GoogleUtilities/Reachability
  - "GoogleUtilities/NSData+zlib (7.13.0)":
    - GoogleUtilities/Privacy
  - GoogleUtilities/Privacy (7.13.0)
  - GoogleUtilities/Reachability (7.13.0):
    - GoogleUtilities/Logger
    - GoogleUtilities/Privacy
  - GoogleUtilities/UserDefaults (7.13.0):
    - GoogleUtilities/Logger
    - GoogleUtilities/Privacy
  - HyBid (3.0.0):
    - ATOM-Standalone (~> 3.0.7)
    - HyBid/Banner (= 3.0.0)
    - HyBid/Core (= 3.0.0)
    - HyBid/FullScreen (= 3.0.0)
    - HyBid/Native (= 3.0.0)
    - HyBid/RewardedVideo (= 3.0.0)
  - HyBid/Banner (3.0.0):
    - ATOM-Standalone (~> 3.0.7)
    - HyBid/Core
  - HyBid/Core (3.0.0):
    - ATOM-Standalone (~> 3.0.7)
  - HyBid/FullScreen (3.0.0):
    - ATOM-Standalone (~> 3.0.7)
    - HyBid/Core
  - HyBid/Native (3.0.0):
    - ATOM-Standalone (~> 3.0.7)
    - HyBid/Core
  - HyBid/RewardedVideo (3.0.0):
    - ATOM-Standalone (~> 3.0.7)
    - HyBid/Core
  - InMobiSDK (10.7.2)
  - IQKeyboardManager (6.5.18)
  - IronSourceSDK (8.0.0.0)
  - JKCategories (1.9.3):
    - JKCategories/CoreData (= 1.9.3)
    - JKCategories/CoreLocation (= 1.9.3)
    - JKCategories/Foundation (= 1.9.3)
    - JKCategories/MapKit (= 1.9.3)
    - JKCategories/QuartzCore (= 1.9.3)
    - JKCategories/UIKit (= 1.9.3)
  - JKCategories/CoreData (1.9.3):
    - JKCategories/CoreData/NSFetchRequest (= 1.9.3)
    - JKCategories/CoreData/NSManagedObject (= 1.9.3)
    - JKCategories/CoreData/NSManagedObjectContext (= 1.9.3)
  - JKCategories/CoreData/NSFetchRequest (1.9.3)
  - JKCategories/CoreData/NSManagedObject (1.9.3):
    - JKCategories/CoreData/NSManagedObjectContext
  - JKCategories/CoreData/NSManagedObjectContext (1.9.3):
    - JKCategories/CoreData/NSFetchRequest
  - JKCategories/CoreLocation (1.9.3):
    - JKCategories/CoreLocation/CLLocation (= 1.9.3)
  - JKCategories/CoreLocation/CLLocation (1.9.3)
  - JKCategories/Foundation (1.9.3):
    - JKCategories/Foundation/NSArray (= 1.9.3)
    - JKCategories/Foundation/NSBundle (= 1.9.3)
    - JKCategories/Foundation/NSData (= 1.9.3)
    - JKCategories/Foundation/NSDate (= 1.9.3)
    - JKCategories/Foundation/NSDateFormatter (= 1.9.3)
    - JKCategories/Foundation/NSDictionary (= 1.9.3)
    - JKCategories/Foundation/NSException (= 1.9.3)
    - JKCategories/Foundation/NSFileHandle (= 1.9.3)
    - JKCategories/Foundation/NSFileManager (= 1.9.3)
    - JKCategories/Foundation/NSHTTPCookieStorage (= 1.9.3)
    - JKCategories/Foundation/NSIndexPath (= 1.9.3)
    - JKCategories/Foundation/NSInvocation (= 1.9.3)
    - JKCategories/Foundation/NSNotificationCenter (= 1.9.3)
    - JKCategories/Foundation/NSNumber (= 1.9.3)
    - JKCategories/Foundation/NSObject (= 1.9.3)
    - JKCategories/Foundation/NSRunLoop (= 1.9.3)
    - JKCategories/Foundation/NSSet (= 1.9.3)
    - JKCategories/Foundation/NSString (= 1.9.3)
    - JKCategories/Foundation/NSTimer (= 1.9.3)
    - JKCategories/Foundation/NSURL (= 1.9.3)
    - JKCategories/Foundation/NSURLConnection (= 1.9.3)
    - JKCategories/Foundation/NSURLRequest (= 1.9.3)
    - JKCategories/Foundation/NSURLSession (= 1.9.3)
    - JKCategories/Foundation/NSUserDefaults (= 1.9.3)
  - JKCategories/Foundation/NSArray (1.9.3)
  - JKCategories/Foundation/NSBundle (1.9.3)
  - JKCategories/Foundation/NSData (1.9.3)
  - JKCategories/Foundation/NSDate (1.9.3)
  - JKCategories/Foundation/NSDateFormatter (1.9.3)
  - JKCategories/Foundation/NSDictionary (1.9.3)
  - JKCategories/Foundation/NSException (1.9.3)
  - JKCategories/Foundation/NSFileHandle (1.9.3)
  - JKCategories/Foundation/NSFileManager (1.9.3)
  - JKCategories/Foundation/NSHTTPCookieStorage (1.9.3)
  - JKCategories/Foundation/NSIndexPath (1.9.3)
  - JKCategories/Foundation/NSInvocation (1.9.3)
  - JKCategories/Foundation/NSNotificationCenter (1.9.3)
  - JKCategories/Foundation/NSNumber (1.9.3)
  - JKCategories/Foundation/NSObject (1.9.3)
  - JKCategories/Foundation/NSRunLoop (1.9.3)
  - JKCategories/Foundation/NSSet (1.9.3)
  - JKCategories/Foundation/NSString (1.9.3):
    - JKCategories/Foundation/NSData
  - JKCategories/Foundation/NSTimer (1.9.3)
  - JKCategories/Foundation/NSURL (1.9.3)
  - JKCategories/Foundation/NSURLConnection (1.9.3)
  - JKCategories/Foundation/NSURLRequest (1.9.3)
  - JKCategories/Foundation/NSURLSession (1.9.3)
  - JKCategories/Foundation/NSUserDefaults (1.9.3)
  - JKCategories/MapKit (1.9.3):
    - JKCategories/MapKit/MKMapView (= 1.9.3)
  - JKCategories/MapKit/MKMapView (1.9.3)
  - JKCategories/QuartzCore (1.9.3):
    - JKCategories/QuartzCore/CAAnimation (= 1.9.3)
    - JKCategories/QuartzCore/CALayer (= 1.9.3)
    - JKCategories/QuartzCore/CAMediaTimingFunction (= 1.9.3)
    - JKCategories/QuartzCore/CAShapeLayer (= 1.9.3)
    - JKCategories/QuartzCore/CATransaction (= 1.9.3)
  - JKCategories/QuartzCore/CAAnimation (1.9.3)
  - JKCategories/QuartzCore/CALayer (1.9.3)
  - JKCategories/QuartzCore/CAMediaTimingFunction (1.9.3)
  - JKCategories/QuartzCore/CAShapeLayer (1.9.3)
  - JKCategories/QuartzCore/CATransaction (1.9.3)
  - JKCategories/UIKit (1.9.3):
    - JKCategories/UIKit/UIApplication (= 1.9.3)
    - JKCategories/UIKit/UIBarButtonItem (= 1.9.3)
    - JKCategories/UIKit/UIBezierPath (= 1.9.3)
    - JKCategories/UIKit/UIButton (= 1.9.3)
    - JKCategories/UIKit/UIColor (= 1.9.3)
    - JKCategories/UIKit/UIControl (= 1.9.3)
    - JKCategories/UIKit/UIDevice (= 1.9.3)
    - JKCategories/UIKit/UIFont (= 1.9.3)
    - JKCategories/UIKit/UIImage (= 1.9.3)
    - JKCategories/UIKit/UIImageView (= 1.9.3)
    - JKCategories/UIKit/UILable (= 1.9.3)
    - JKCategories/UIKit/UINavigationBar (= 1.9.3)
    - JKCategories/UIKit/UINavigationController (= 1.9.3)
    - JKCategories/UIKit/UINavigationItem (= 1.9.3)
    - JKCategories/UIKit/UIPopoverController (= 1.9.3)
    - JKCategories/UIKit/UIResponder (= 1.9.3)
    - JKCategories/UIKit/UIScreen (= 1.9.3)
    - JKCategories/UIKit/UIScrollView (= 1.9.3)
    - JKCategories/UIKit/UISearchBar (= 1.9.3)
    - JKCategories/UIKit/UISplitViewController (= 1.9.3)
    - JKCategories/UIKit/UITableView (= 1.9.3)
    - JKCategories/UIKit/UITableViewCell (= 1.9.3)
    - JKCategories/UIKit/UITextField (= 1.9.3)
    - JKCategories/UIKit/UITextView (= 1.9.3)
    - JKCategories/UIKit/UIView (= 1.9.3)
    - JKCategories/UIKit/UIViewController (= 1.9.3)
    - JKCategories/UIKit/UIWindow (= 1.9.3)
  - JKCategories/UIKit/UIApplication (1.9.3)
  - JKCategories/UIKit/UIBarButtonItem (1.9.3)
  - JKCategories/UIKit/UIBezierPath (1.9.3)
  - JKCategories/UIKit/UIButton (1.9.3)
  - JKCategories/UIKit/UIColor (1.9.3)
  - JKCategories/UIKit/UIControl (1.9.3)
  - JKCategories/UIKit/UIDevice (1.9.3)
  - JKCategories/UIKit/UIFont (1.9.3)
  - JKCategories/UIKit/UIImage (1.9.3)
  - JKCategories/UIKit/UIImageView (1.9.3)
  - JKCategories/UIKit/UILable (1.9.3)
  - JKCategories/UIKit/UINavigationBar (1.9.3)
  - JKCategories/UIKit/UINavigationController (1.9.3)
  - JKCategories/UIKit/UINavigationItem (1.9.3)
  - JKCategories/UIKit/UIPopoverController (1.9.3)
  - JKCategories/UIKit/UIResponder (1.9.3)
  - JKCategories/UIKit/UIScreen (1.9.3)
  - JKCategories/UIKit/UIScrollView (1.9.3)
  - JKCategories/UIKit/UISearchBar (1.9.3)
  - JKCategories/UIKit/UISplitViewController (1.9.3)
  - JKCategories/UIKit/UITableView (1.9.3)
  - JKCategories/UIKit/UITableViewCell (1.9.3)
  - JKCategories/UIKit/UITextField (1.9.3)
  - JKCategories/UIKit/UITextView (1.9.3)
  - JKCategories/UIKit/UIView (1.9.3)
  - JKCategories/UIKit/UIViewController (1.9.3)
  - JKCategories/UIKit/UIWindow (1.9.3)
  - Masonry (1.1.0)
  - MintegralAdSDK (7.6.3):
    - MintegralAdSDK/BannerAd (= 7.6.3)
    - MintegralAdSDK/BidBannerAd (= 7.6.3)
    - MintegralAdSDK/BidInterstitialVideoAd (= 7.6.3)
    - MintegralAdSDK/BidNativeAd (= 7.6.3)
    - MintegralAdSDK/BidNewInterstitialAd (= 7.6.3)
    - MintegralAdSDK/BidRewardVideoAd (= 7.6.3)
    - MintegralAdSDK/InterstitialVideoAd (= 7.6.3)
    - MintegralAdSDK/NativeAd (= 7.6.3)
    - MintegralAdSDK/NewInterstitialAd (= 7.6.3)
    - MintegralAdSDK/RewardVideoAd (= 7.6.3)
  - MintegralAdSDK/BannerAd (7.6.3):
    - MintegralAdSDK/NativeAd
  - MintegralAdSDK/BidBannerAd (7.6.3):
    - MintegralAdSDK/BannerAd
    - MintegralAdSDK/BidNativeAd
  - MintegralAdSDK/BidInterstitialVideoAd (7.6.3):
    - MintegralAdSDK/BidNativeAd
    - MintegralAdSDK/InterstitialVideoAd
  - MintegralAdSDK/BidNativeAd (7.6.3):
    - MintegralAdSDK/NativeAd
  - MintegralAdSDK/BidNewInterstitialAd (7.6.3):
    - MintegralAdSDK/BidNativeAd
    - MintegralAdSDK/NewInterstitialAd
  - MintegralAdSDK/BidRewardVideoAd (7.6.3):
    - MintegralAdSDK/BidNativeAd
    - MintegralAdSDK/RewardVideoAd
  - MintegralAdSDK/BidSplashAd (7.6.3):
    - MintegralAdSDK/BidNativeAd
    - MintegralAdSDK/SplashAd
  - MintegralAdSDK/InterstitialVideoAd (7.6.3):
    - MintegralAdSDK/NativeAd
  - MintegralAdSDK/NativeAd (7.6.3)
  - MintegralAdSDK/NewInterstitialAd (7.6.3):
    - MintegralAdSDK/InterstitialVideoAd
    - MintegralAdSDK/NativeAd
  - MintegralAdSDK/RewardVideoAd (7.6.3):
    - MintegralAdSDK/NativeAd
  - MintegralAdSDK/SplashAd (7.6.3):
    - MintegralAdSDK/NativeAd
  - nanopb (2.30910.0):
    - nanopb/decode (= 2.30910.0)
    - nanopb/encode (= 2.30910.0)
  - nanopb/decode (2.30910.0)
  - nanopb/encode (2.30910.0)
  - PromisesObjC (2.4.0)
  - SVProgressHUD (2.3.1):
    - SVProgressHUD/Core (= 2.3.1)
  - SVProgressHUD/Core (2.3.1)
  - UnityAds (4.10.0)
  - VungleAds (7.3.1)
  - XMKit_zhf (1.0.0):
    - AFNetworking (~> 4.0.1)
    - AppLovinMediationFacebookAdapter
    - AppLovinMediationFyberAdapter
    - AppLovinMediationGoogleAdapter
    - AppLovinMediationGoogleAdManagerAdapter
    - AppLovinMediationInMobiAdapter
    - AppLovinMediationIronSourceAdapter
    - AppLovinMediationMintegralAdapter
    - AppLovinMediationUnityAdsAdapter
    - AppLovinMediationVerveAdapter
    - AppLovinMediationVungleAdapter
    - AppLovinSDK
    - AppsFlyerFramework (~> 6.14.0)
    - AvoidCrash (~> 2.5.2)
    - FirebaseAnalytics (~> 10.24.0)
    - FirebaseMessaging (~> 10.24.0)
    - FMDB (~> 2.7.10)
    - IQKeyboardManager (~> 6.5.18)
    - JKCategories (~> 1.9.3)
    - Masonry (~> 1.1.0)
    - SVProgressHUD (~> 2.3.1)
    - YYText (~> 1.0.7)
  - YYText (1.0.7)

DEPENDENCIES:
  - XMKit_zhf (from `../`)

SPEC REPOS:
  trunk:
    - AFNetworking
    - AppLovinMediationFacebookAdapter
    - AppLovinMediationFyberAdapter
    - AppLovinMediationGoogleAdapter
    - AppLovinMediationGoogleAdManagerAdapter
    - AppLovinMediationInMobiAdapter
    - AppLovinMediationIronSourceAdapter
    - AppLovinMediationMintegralAdapter
    - AppLovinMediationUnityAdsAdapter
    - AppLovinMediationVerveAdapter
    - AppLovinMediationVungleAdapter
    - AppLovinSDK
    - AppsFlyerFramework
    - ATOM-Standalone
    - AvoidCrash
    - FBAudienceNetwork
    - FirebaseAnalytics
    - FirebaseCore
    - FirebaseCoreInternal
    - FirebaseInstallations
    - FirebaseMessaging
    - FMDB
    - Fyber_Marketplace_SDK
    - Google-Mobile-Ads-SDK
    - GoogleAppMeasurement
    - GoogleDataTransport
    - GoogleUserMessagingPlatform
    - GoogleUtilities
    - HyBid
    - InMobiSDK
    - IQKeyboardManager
    - IronSourceSDK
    - JKCategories
    - Masonry
    - MintegralAdSDK
    - nanopb
    - PromisesObjC
    - SVProgressHUD
    - UnityAds
    - VungleAds
    - YYText

EXTERNAL SOURCES:
  XMKit_zhf:
    :path: "../"

SPEC CHECKSUMS:
  AFNetworking: 3bd23d814e976cd148d7d44c3ab78017b744cd58
  AppLovinMediationFacebookAdapter: 30ddfcb09c1c9ff6778ba974f58e8f3204e6eebc
  AppLovinMediationFyberAdapter: 068792cae6c9e088870dda003f3122f6018d4f22
  AppLovinMediationGoogleAdapter: de91629d439394cf970e7cc865c9736815b1c16a
  AppLovinMediationGoogleAdManagerAdapter: aadebd88d62c423494a082ffbe0f7d76f9f9fc3c
  AppLovinMediationInMobiAdapter: 481de91a9167a83a6ad67c60b5db346854a69eb8
  AppLovinMediationIronSourceAdapter: dd2d195a99479becc96bd5c70a38cb624f2ee4c7
  AppLovinMediationMintegralAdapter: 604ba97da0b444bab213b7c9100d6ec374dd9b57
  AppLovinMediationUnityAdsAdapter: d6d5bf488adce05684bf00e0845af49a96a1aadd
  AppLovinMediationVerveAdapter: 532fb512b8e21904a446ce10c7ec5519be44eebb
  AppLovinMediationVungleAdapter: b42444550ca03233753cfeb36a5660f94d038fb5
  AppLovinSDK: c57ad0d34625c971d2db127f8ef60570b28ff51a
  AppsFlyerFramework: 0a68f5b72bbbadfa71d4ae3eaf040e82d62e8518
  ATOM-Standalone: 26549f5cffb457a7660b3cb2d5a5f1faf24da913
  AvoidCrash: 28c6916fe19bd2b84126b8dec7cbe61c9a12741d
  FBAudienceNetwork: 80a035aa69cc3a71c99e44cb5c2874e4cef9909f
  FirebaseAnalytics: b5efc493eb0f40ec560b04a472e3e1a15d39ca13
  FirebaseCore: 11dc8a16dfb7c5e3c3f45ba0e191a33ac4f50894
  FirebaseCoreInternal: bcb5acffd4ea05e12a783ecf835f2210ce3dc6af
  FirebaseInstallations: 8f581fca6478a50705d2bd2abd66d306e0f5736e
  FirebaseMessaging: 4d52717dd820707cc4eadec5eb981b4832ec8d5d
  FMDB: eae540775bf7d0c87a5af926ae37af69effe5a19
  Fyber_Marketplace_SDK: 50fb9e3077ddbd99e3da08dfcaab60df689ac106
  Google-Mobile-Ads-SDK: 301a16c461c331ba34ff4dab40a22ab7c147af61
  GoogleAppMeasurement: f3abf08495ef2cba7829f15318c373b8d9226491
  GoogleDataTransport: 6c09b596d841063d76d4288cc2d2f42cc36e1e2a
  GoogleUserMessagingPlatform: f131fa7978d2ba88d7426702b057c2cc318e6595
  GoogleUtilities: d053d902a8edaa9904e1bd00c37535385b8ed152
  HyBid: e98ce54597d146a8fec024d3e7c83cb5d4f11be6
  InMobiSDK: 5882da6b575abf138a586f920bb4c7cafde7a529
  IQKeyboardManager: 67f92bb29b650c094c40bd11c0545b47bdd25c5b
  IronSourceSDK: ab8b67818aab07d1eca58f5b949459b939c4c589
  JKCategories: c995567f04ff98680313f56544e6cb62d3152733
  Masonry: 678fab65091a9290e40e2832a55e7ab731aad201
  MintegralAdSDK: 5ff28af4529d8eedf9e2c4e84ddf70bebf48691c
  nanopb: 438bc412db1928dac798aa6fd75726007be04262
  PromisesObjC: f5707f49cb48b9636751c5b2e7d227e43fba9f47
  SVProgressHUD: 4837c74bdfe2e51e8821c397825996a8d7de6e22
  UnityAds: 5601f6397b0e02ed3ed6ee92827f5177a523aab6
  VungleAds: 04a17ab51fb61f41cd6d666fd0024509005740fe
  XMKit_zhf: 63f6fe9b471e04bfba36bb1774d085fe5397978a
  YYText: 5c461d709e24d55a182d1441c41dc639a18a4849

PODFILE CHECKSUM: 2dcffeb3b73d338784948dc98da654ffe1d0a748

COCOAPODS: 1.15.2
