// !$*UTF8*$!
{
	archiveVersion = 1;
	classes = {
	};
	objectVersion = 46;
	objects = {

/* Begin PBXBuildFile section */
		56AA8A83E4C976889F258F87 /* Pods_XMKit_zhf_Example.framework in Frameworks */ = {isa = PBXBuildFile; fileRef = EBF243D8574F5A192FEB815E /* Pods_XMKit_zhf_Example.framework */; };
		6003F58E195388D20070C39A /* Foundation.framework in Frameworks */ = {isa = PBXBuildFile; fileRef = 6003F58D195388D20070C39A /* Foundation.framework */; };
		6003F590195388D20070C39A /* CoreGraphics.framework in Frameworks */ = {isa = PBXBuildFile; fileRef = 6003F58F195388D20070C39A /* CoreGraphics.framework */; };
		6003F592195388D20070C39A /* UIKit.framework in Frameworks */ = {isa = PBXBuildFile; fileRef = 6003F591195388D20070C39A /* UIKit.framework */; };
		6003F598195388D20070C39A /* InfoPlist.strings in Resources */ = {isa = PBXBuildFile; fileRef = 6003F596195388D20070C39A /* InfoPlist.strings */; };
		6003F59A195388D20070C39A /* main.m in Sources */ = {isa = PBXBuildFile; fileRef = 6003F599195388D20070C39A /* main.m */; };
		6003F59E195388D20070C39A /* XMAppDelegate.m in Sources */ = {isa = PBXBuildFile; fileRef = 6003F59D195388D20070C39A /* XMAppDelegate.m */; };
		6003F5A7195388D20070C39A /* XMViewController.m in Sources */ = {isa = PBXBuildFile; fileRef = 6003F5A6195388D20070C39A /* XMViewController.m */; };
		6003F5A9195388D20070C39A /* Images.xcassets in Resources */ = {isa = PBXBuildFile; fileRef = 6003F5A8195388D20070C39A /* Images.xcassets */; };
		71719F9F1E33DC2100824A3D /* LaunchScreen.storyboard in Resources */ = {isa = PBXBuildFile; fileRef = 71719F9D1E33DC2100824A3D /* LaunchScreen.storyboard */; };
		873B8AEB1B1F5CCA007FD442 /* Main.storyboard in Resources */ = {isa = PBXBuildFile; fileRef = 873B8AEA1B1F5CCA007FD442 /* Main.storyboard */; };
		DA6D890E2BE08E46002D56AE /* GoogleService-Info.plist in Resources */ = {isa = PBXBuildFile; fileRef = DA6D890D2BE08E46002D56AE /* GoogleService-Info.plist */; };
		DA6D89172BE09DC4002D56AE /* StoreKit.framework in Frameworks */ = {isa = PBXBuildFile; fileRef = DA6D89162BE09DC4002D56AE /* StoreKit.framework */; };
/* End PBXBuildFile section */

/* Begin PBXFileReference section */
		394170517752CC57DD49FB6C /* Pods-XMKit_zhf_Tests.release.xcconfig */ = {isa = PBXFileReference; includeInIndex = 1; lastKnownFileType = text.xcconfig; name = "Pods-XMKit_zhf_Tests.release.xcconfig"; path = "Target Support Files/Pods-XMKit_zhf_Tests/Pods-XMKit_zhf_Tests.release.xcconfig"; sourceTree = "<group>"; };
		49D2EB8FB6356D9ECC76B81B /* Pods-XMKit_zhf_Tests.debug.xcconfig */ = {isa = PBXFileReference; includeInIndex = 1; lastKnownFileType = text.xcconfig; name = "Pods-XMKit_zhf_Tests.debug.xcconfig"; path = "Target Support Files/Pods-XMKit_zhf_Tests/Pods-XMKit_zhf_Tests.debug.xcconfig"; sourceTree = "<group>"; };
		4D30DC0D1622FF4F0D374F00 /* Pods-XMKit_zhf_Example.debug.xcconfig */ = {isa = PBXFileReference; includeInIndex = 1; lastKnownFileType = text.xcconfig; name = "Pods-XMKit_zhf_Example.debug.xcconfig"; path = "Target Support Files/Pods-XMKit_zhf_Example/Pods-XMKit_zhf_Example.debug.xcconfig"; sourceTree = "<group>"; };
		5DA85ABC7C899B7C9DC79E98 /* README.md */ = {isa = PBXFileReference; includeInIndex = 1; lastKnownFileType = net.daringfireball.markdown; name = README.md; path = ../README.md; sourceTree = "<group>"; };
		6003F58A195388D20070C39A /* XMKit_zhf_Example.app */ = {isa = PBXFileReference; explicitFileType = wrapper.application; includeInIndex = 0; path = XMKit_zhf_Example.app; sourceTree = BUILT_PRODUCTS_DIR; };
		6003F58D195388D20070C39A /* Foundation.framework */ = {isa = PBXFileReference; lastKnownFileType = wrapper.framework; name = Foundation.framework; path = System/Library/Frameworks/Foundation.framework; sourceTree = SDKROOT; };
		6003F58F195388D20070C39A /* CoreGraphics.framework */ = {isa = PBXFileReference; lastKnownFileType = wrapper.framework; name = CoreGraphics.framework; path = System/Library/Frameworks/CoreGraphics.framework; sourceTree = SDKROOT; };
		6003F591195388D20070C39A /* UIKit.framework */ = {isa = PBXFileReference; lastKnownFileType = wrapper.framework; name = UIKit.framework; path = System/Library/Frameworks/UIKit.framework; sourceTree = SDKROOT; };
		6003F595195388D20070C39A /* info.plist */ = {isa = PBXFileReference; lastKnownFileType = text.plist.xml; path = info.plist; sourceTree = "<group>"; };
		6003F597195388D20070C39A /* en */ = {isa = PBXFileReference; lastKnownFileType = text.plist.strings; name = en; path = en.lproj/InfoPlist.strings; sourceTree = "<group>"; };
		6003F599195388D20070C39A /* main.m */ = {isa = PBXFileReference; lastKnownFileType = sourcecode.c.objc; path = main.m; sourceTree = "<group>"; };
		6003F59B195388D20070C39A /* XMKit_zhf-Prefix.pch */ = {isa = PBXFileReference; lastKnownFileType = sourcecode.c.h; path = "XMKit_zhf-Prefix.pch"; sourceTree = "<group>"; };
		6003F59C195388D20070C39A /* XMAppDelegate.h */ = {isa = PBXFileReference; lastKnownFileType = sourcecode.c.h; path = XMAppDelegate.h; sourceTree = "<group>"; };
		6003F59D195388D20070C39A /* XMAppDelegate.m */ = {isa = PBXFileReference; lastKnownFileType = sourcecode.c.objc; path = XMAppDelegate.m; sourceTree = "<group>"; };
		6003F5A5195388D20070C39A /* XMViewController.h */ = {isa = PBXFileReference; lastKnownFileType = sourcecode.c.h; path = XMViewController.h; sourceTree = "<group>"; };
		6003F5A6195388D20070C39A /* XMViewController.m */ = {isa = PBXFileReference; lastKnownFileType = sourcecode.c.objc; path = XMViewController.m; sourceTree = "<group>"; };
		6003F5A8195388D20070C39A /* Images.xcassets */ = {isa = PBXFileReference; lastKnownFileType = folder.assetcatalog; path = Images.xcassets; sourceTree = "<group>"; };
		6003F5AF195388D20070C39A /* XCTest.framework */ = {isa = PBXFileReference; lastKnownFileType = wrapper.framework; name = XCTest.framework; path = Library/Frameworks/XCTest.framework; sourceTree = DEVELOPER_DIR; };
		71719F9E1E33DC2100824A3D /* Base */ = {isa = PBXFileReference; lastKnownFileType = file.storyboard; name = Base; path = Base.lproj/LaunchScreen.storyboard; sourceTree = "<group>"; };
		77996EE6A3F8292F3374678D /* Pods-XMKit_zhf_Example.release.xcconfig */ = {isa = PBXFileReference; includeInIndex = 1; lastKnownFileType = text.xcconfig; name = "Pods-XMKit_zhf_Example.release.xcconfig"; path = "Target Support Files/Pods-XMKit_zhf_Example/Pods-XMKit_zhf_Example.release.xcconfig"; sourceTree = "<group>"; };
		873B8AEA1B1F5CCA007FD442 /* Main.storyboard */ = {isa = PBXFileReference; fileEncoding = 4; lastKnownFileType = file.storyboard; name = Main.storyboard; path = Base.lproj/Main.storyboard; sourceTree = "<group>"; };
		8950D20189FB03987404746C /* LICENSE */ = {isa = PBXFileReference; includeInIndex = 1; lastKnownFileType = text; name = LICENSE; path = ../LICENSE; sourceTree = "<group>"; };
		DA6D890D2BE08E46002D56AE /* GoogleService-Info.plist */ = {isa = PBXFileReference; fileEncoding = 4; lastKnownFileType = text.plist.xml; path = "GoogleService-Info.plist"; sourceTree = "<group>"; };
		DA6D890F2BE08E5D002D56AE /* Config.h */ = {isa = PBXFileReference; fileEncoding = 4; lastKnownFileType = sourcecode.c.h; path = Config.h; sourceTree = "<group>"; };
		DA6D89152BE09DB2002D56AE /* XMKit_zhf_Example.entitlements */ = {isa = PBXFileReference; lastKnownFileType = text.plist.entitlements; path = XMKit_zhf_Example.entitlements; sourceTree = "<group>"; };
		DA6D89162BE09DC4002D56AE /* StoreKit.framework */ = {isa = PBXFileReference; lastKnownFileType = wrapper.framework; name = StoreKit.framework; path = System/Library/Frameworks/StoreKit.framework; sourceTree = SDKROOT; };
		EBF243D8574F5A192FEB815E /* Pods_XMKit_zhf_Example.framework */ = {isa = PBXFileReference; explicitFileType = wrapper.framework; includeInIndex = 0; path = Pods_XMKit_zhf_Example.framework; sourceTree = BUILT_PRODUCTS_DIR; };
		EF8A2C878C431E4ECC8772B3 /* Pods_XMKit_zhf_Tests.framework */ = {isa = PBXFileReference; explicitFileType = wrapper.framework; includeInIndex = 0; path = Pods_XMKit_zhf_Tests.framework; sourceTree = BUILT_PRODUCTS_DIR; };
		FEAFA7053BBF040BD0F167F4 /* XMKit_zhf.podspec */ = {isa = PBXFileReference; includeInIndex = 1; lastKnownFileType = text; name = XMKit_zhf.podspec; path = ../XMKit_zhf.podspec; sourceTree = "<group>"; xcLanguageSpecificationIdentifier = xcode.lang.ruby; };
/* End PBXFileReference section */

/* Begin PBXFrameworksBuildPhase section */
		6003F587195388D20070C39A /* Frameworks */ = {
			isa = PBXFrameworksBuildPhase;
			buildActionMask = 2147483647;
			files = (
				6003F590195388D20070C39A /* CoreGraphics.framework in Frameworks */,
				6003F592195388D20070C39A /* UIKit.framework in Frameworks */,
				DA6D89172BE09DC4002D56AE /* StoreKit.framework in Frameworks */,
				6003F58E195388D20070C39A /* Foundation.framework in Frameworks */,
				56AA8A83E4C976889F258F87 /* Pods_XMKit_zhf_Example.framework in Frameworks */,
			);
			runOnlyForDeploymentPostprocessing = 0;
		};
/* End PBXFrameworksBuildPhase section */

/* Begin PBXGroup section */
		6003F581195388D10070C39A = {
			isa = PBXGroup;
			children = (
				DA6D89152BE09DB2002D56AE /* XMKit_zhf_Example.entitlements */,
				60FF7A9C1954A5C5007DD14C /* Podspec Metadata */,
				6003F593195388D20070C39A /* Example for XMKit_zhf */,
				6003F58C195388D20070C39A /* Frameworks */,
				6003F58B195388D20070C39A /* Products */,
				9574744CD8DDDBC55D8FABB5 /* Pods */,
			);
			sourceTree = "<group>";
		};
		6003F58B195388D20070C39A /* Products */ = {
			isa = PBXGroup;
			children = (
				6003F58A195388D20070C39A /* XMKit_zhf_Example.app */,
			);
			name = Products;
			sourceTree = "<group>";
		};
		6003F58C195388D20070C39A /* Frameworks */ = {
			isa = PBXGroup;
			children = (
				DA6D89162BE09DC4002D56AE /* StoreKit.framework */,
				6003F58D195388D20070C39A /* Foundation.framework */,
				6003F58F195388D20070C39A /* CoreGraphics.framework */,
				6003F591195388D20070C39A /* UIKit.framework */,
				6003F5AF195388D20070C39A /* XCTest.framework */,
				EBF243D8574F5A192FEB815E /* Pods_XMKit_zhf_Example.framework */,
				EF8A2C878C431E4ECC8772B3 /* Pods_XMKit_zhf_Tests.framework */,
			);
			name = Frameworks;
			sourceTree = "<group>";
		};
		6003F593195388D20070C39A /* Example for XMKit_zhf */ = {
			isa = PBXGroup;
			children = (
				DA6D890D2BE08E46002D56AE /* GoogleService-Info.plist */,
				6003F59C195388D20070C39A /* XMAppDelegate.h */,
				6003F59D195388D20070C39A /* XMAppDelegate.m */,
				DA6D890F2BE08E5D002D56AE /* Config.h */,
				873B8AEA1B1F5CCA007FD442 /* Main.storyboard */,
				6003F5A5195388D20070C39A /* XMViewController.h */,
				6003F5A6195388D20070C39A /* XMViewController.m */,
				71719F9D1E33DC2100824A3D /* LaunchScreen.storyboard */,
				6003F5A8195388D20070C39A /* Images.xcassets */,
				6003F595195388D20070C39A /* info.plist */,
				6003F594195388D20070C39A /* Supporting Files */,
			);
			name = "Example for XMKit_zhf";
			path = XMKit_zhf;
			sourceTree = "<group>";
		};
		6003F594195388D20070C39A /* Supporting Files */ = {
			isa = PBXGroup;
			children = (
				6003F596195388D20070C39A /* InfoPlist.strings */,
				6003F599195388D20070C39A /* main.m */,
				6003F59B195388D20070C39A /* XMKit_zhf-Prefix.pch */,
			);
			name = "Supporting Files";
			sourceTree = "<group>";
		};
		60FF7A9C1954A5C5007DD14C /* Podspec Metadata */ = {
			isa = PBXGroup;
			children = (
				FEAFA7053BBF040BD0F167F4 /* XMKit_zhf.podspec */,
				5DA85ABC7C899B7C9DC79E98 /* README.md */,
				8950D20189FB03987404746C /* LICENSE */,
			);
			name = "Podspec Metadata";
			sourceTree = "<group>";
		};
		9574744CD8DDDBC55D8FABB5 /* Pods */ = {
			isa = PBXGroup;
			children = (
				4D30DC0D1622FF4F0D374F00 /* Pods-XMKit_zhf_Example.debug.xcconfig */,
				77996EE6A3F8292F3374678D /* Pods-XMKit_zhf_Example.release.xcconfig */,
				49D2EB8FB6356D9ECC76B81B /* Pods-XMKit_zhf_Tests.debug.xcconfig */,
				394170517752CC57DD49FB6C /* Pods-XMKit_zhf_Tests.release.xcconfig */,
			);
			path = Pods;
			sourceTree = "<group>";
		};
/* End PBXGroup section */

/* Begin PBXNativeTarget section */
		6003F589195388D20070C39A /* XMKit_zhf_Example */ = {
			isa = PBXNativeTarget;
			buildConfigurationList = 6003F5BF195388D20070C39A /* Build configuration list for PBXNativeTarget "XMKit_zhf_Example" */;
			buildPhases = (
				9F59F51904A8E1B18351B94C /* [CP] Check Pods Manifest.lock */,
				6003F586195388D20070C39A /* Sources */,
				6003F587195388D20070C39A /* Frameworks */,
				6003F588195388D20070C39A /* Resources */,
				092B89327F048A2C9C4DDB81 /* [CP] Embed Pods Frameworks */,
				B169562F7F2B658F6F50FAA8 /* [CP] Copy Pods Resources */,
			);
			buildRules = (
			);
			dependencies = (
			);
			name = XMKit_zhf_Example;
			productName = XMKit_zhf;
			productReference = 6003F58A195388D20070C39A /* XMKit_zhf_Example.app */;
			productType = "com.apple.product-type.application";
		};
/* End PBXNativeTarget section */

/* Begin PBXProject section */
		6003F582195388D10070C39A /* Project object */ = {
			isa = PBXProject;
			attributes = {
				CLASSPREFIX = XM;
				LastUpgradeCheck = 0720;
				ORGANIZATIONNAME = "564057354@qq.com";
				TargetAttributes = {
					6003F589195388D20070C39A = {
						DevelopmentTeam = N9X3UYTVQM;
						ProvisioningStyle = Manual;
					};
				};
			};
			buildConfigurationList = 6003F585195388D10070C39A /* Build configuration list for PBXProject "XMKit_zhf" */;
			compatibilityVersion = "Xcode 3.2";
			developmentRegion = English;
			hasScannedForEncodings = 0;
			knownRegions = (
				English,
				en,
				Base,
			);
			mainGroup = 6003F581195388D10070C39A;
			productRefGroup = 6003F58B195388D20070C39A /* Products */;
			projectDirPath = "";
			projectRoot = "";
			targets = (
				6003F589195388D20070C39A /* XMKit_zhf_Example */,
			);
		};
/* End PBXProject section */

/* Begin PBXResourcesBuildPhase section */
		6003F588195388D20070C39A /* Resources */ = {
			isa = PBXResourcesBuildPhase;
			buildActionMask = 2147483647;
			files = (
				873B8AEB1B1F5CCA007FD442 /* Main.storyboard in Resources */,
				71719F9F1E33DC2100824A3D /* LaunchScreen.storyboard in Resources */,
				DA6D890E2BE08E46002D56AE /* GoogleService-Info.plist in Resources */,
				6003F5A9195388D20070C39A /* Images.xcassets in Resources */,
				6003F598195388D20070C39A /* InfoPlist.strings in Resources */,
			);
			runOnlyForDeploymentPostprocessing = 0;
		};
/* End PBXResourcesBuildPhase section */

/* Begin PBXShellScriptBuildPhase section */
		092B89327F048A2C9C4DDB81 /* [CP] Embed Pods Frameworks */ = {
			isa = PBXShellScriptBuildPhase;
			buildActionMask = 2147483647;
			files = (
			);
			inputPaths = (
				"${PODS_ROOT}/Target Support Files/Pods-XMKit_zhf_Example/Pods-XMKit_zhf_Example-frameworks.sh",
				"${PODS_XCFRAMEWORKS_BUILD_DIR}/ATOM-Standalone/ATOM.framework/ATOM",
				"${PODS_XCFRAMEWORKS_BUILD_DIR}/AppLovinSDK/AppLovinSDK.framework/AppLovinSDK",
				"${PODS_XCFRAMEWORKS_BUILD_DIR}/HyBid/Core/OMSDK_Pubnativenet.framework/OMSDK_Pubnativenet",
				"${PODS_XCFRAMEWORKS_BUILD_DIR}/InMobiSDK/InMobiSDK.framework/InMobiSDK",
			);
			name = "[CP] Embed Pods Frameworks";
			outputPaths = (
				"${TARGET_BUILD_DIR}/${FRAMEWORKS_FOLDER_PATH}/ATOM.framework",
				"${TARGET_BUILD_DIR}/${FRAMEWORKS_FOLDER_PATH}/AppLovinSDK.framework",
				"${TARGET_BUILD_DIR}/${FRAMEWORKS_FOLDER_PATH}/OMSDK_Pubnativenet.framework",
				"${TARGET_BUILD_DIR}/${FRAMEWORKS_FOLDER_PATH}/InMobiSDK.framework",
			);
			runOnlyForDeploymentPostprocessing = 0;
			shellPath = /bin/sh;
			shellScript = "\"${PODS_ROOT}/Target Support Files/Pods-XMKit_zhf_Example/Pods-XMKit_zhf_Example-frameworks.sh\"\n";
			showEnvVarsInLog = 0;
		};
		9F59F51904A8E1B18351B94C /* [CP] Check Pods Manifest.lock */ = {
			isa = PBXShellScriptBuildPhase;
			buildActionMask = 2147483647;
			files = (
			);
			inputFileListPaths = (
			);
			inputPaths = (
				"${PODS_PODFILE_DIR_PATH}/Podfile.lock",
				"${PODS_ROOT}/Manifest.lock",
			);
			name = "[CP] Check Pods Manifest.lock";
			outputFileListPaths = (
			);
			outputPaths = (
				"$(DERIVED_FILE_DIR)/Pods-XMKit_zhf_Example-checkManifestLockResult.txt",
			);
			runOnlyForDeploymentPostprocessing = 0;
			shellPath = /bin/sh;
			shellScript = "diff \"${PODS_PODFILE_DIR_PATH}/Podfile.lock\" \"${PODS_ROOT}/Manifest.lock\" > /dev/null\nif [ $? != 0 ] ; then\n    # print error to STDERR\n    echo \"error: The sandbox is not in sync with the Podfile.lock. Run 'pod install' or update your CocoaPods installation.\" >&2\n    exit 1\nfi\n# This output is used by Xcode 'outputs' to avoid re-running this script phase.\necho \"SUCCESS\" > \"${SCRIPT_OUTPUT_FILE_0}\"\n";
			showEnvVarsInLog = 0;
		};
		B169562F7F2B658F6F50FAA8 /* [CP] Copy Pods Resources */ = {
			isa = PBXShellScriptBuildPhase;
			buildActionMask = 2147483647;
			files = (
			);
			inputPaths = (
				"${PODS_ROOT}/Target Support Files/Pods-XMKit_zhf_Example/Pods-XMKit_zhf_Example-resources.sh",
				"${PODS_CONFIGURATION_BUILD_DIR}/AppsFlyerFramework/AppsFlyerLib_Privacy.bundle",
				"${PODS_CONFIGURATION_BUILD_DIR}/FBAudienceNetwork/FBAudienceNetwork.bundle",
				"${PODS_CONFIGURATION_BUILD_DIR}/FMDB/FMDB.bundle",
				"${PODS_CONFIGURATION_BUILD_DIR}/FirebaseCore/FirebaseCore_Privacy.bundle",
				"${PODS_CONFIGURATION_BUILD_DIR}/FirebaseCoreInternal/FirebaseCoreInternal_Privacy.bundle",
				"${PODS_CONFIGURATION_BUILD_DIR}/FirebaseInstallations/FirebaseInstallations_Privacy.bundle",
				"${PODS_CONFIGURATION_BUILD_DIR}/FirebaseMessaging/FirebaseMessaging_Privacy.bundle",
				"${PODS_CONFIGURATION_BUILD_DIR}/Fyber_Marketplace_SDK/Fyber_Marketplace_SDK.bundle",
				"${PODS_CONFIGURATION_BUILD_DIR}/Google-Mobile-Ads-SDK/GoogleMobileAdsResources.bundle",
				"${PODS_CONFIGURATION_BUILD_DIR}/GoogleDataTransport/GoogleDataTransport_Privacy.bundle",
				"${PODS_CONFIGURATION_BUILD_DIR}/GoogleUserMessagingPlatform/UserMessagingPlatformResources.bundle",
				"${PODS_CONFIGURATION_BUILD_DIR}/GoogleUtilities/GoogleUtilities_Privacy.bundle",
				"${PODS_CONFIGURATION_BUILD_DIR}/HyBid/HyBid_Privacy.bundle",
				"${PODS_ROOT}/HyBid/PubnativeLite/PubnativeLite/Resources/close.png",
				"${PODS_ROOT}/HyBid/PubnativeLite/PubnativeLite/Resources/close@2x.png",
				"${PODS_ROOT}/HyBid/PubnativeLite/PubnativeLite/Resources/close@3x.png",
				"${BUILT_PRODUCTS_DIR}/HyBid/HyBid.framework/HyBidCustomCTAView.nib",
				"${PODS_ROOT}/HyBid/PubnativeLite/PubnativeLite/Resources/HyBidLocalizable.xcstrings",
				"${BUILT_PRODUCTS_DIR}/HyBid/HyBid.framework/HyBidMRAIDCloseCardView.nib",
				"${PODS_ROOT}/HyBid/PubnativeLite/PubnativeLite/Resources/PNLiteExternalLink.png",
				"${PODS_ROOT}/HyBid/PubnativeLite/PubnativeLite/Resources/PNLiteExternalLink1.png",
				"${PODS_ROOT}/HyBid/PubnativeLite/PubnativeLite/Resources/PNLiteExternalLink1@2x.png",
				"${PODS_ROOT}/HyBid/PubnativeLite/PubnativeLite/Resources/PNLiteExternalLink1@3x.png",
				"${PODS_ROOT}/HyBid/PubnativeLite/PubnativeLite/Resources/PNLiteExternalLink@2x.png",
				"${PODS_ROOT}/HyBid/PubnativeLite/PubnativeLite/Resources/PNLiteFullScreen.png",
				"${PODS_ROOT}/HyBid/PubnativeLite/PubnativeLite/Resources/PNLiteFullScreen@2x.png",
				"${PODS_ROOT}/HyBid/PubnativeLite/PubnativeLite/Resources/PNLitePlay.png",
				"${PODS_ROOT}/HyBid/PubnativeLite/PubnativeLite/Resources/PNLitePlay@2x.png",
				"${PODS_ROOT}/HyBid/PubnativeLite/PubnativeLite/Resources/PNLiteSkip.png",
				"${BUILT_PRODUCTS_DIR}/HyBid/HyBid.framework/PNLiteVASTPlayerFullScreenViewController.nib",
				"${BUILT_PRODUCTS_DIR}/HyBid/HyBid.framework/PNLiteVASTPlayerInterstitialViewController.nib",
				"${BUILT_PRODUCTS_DIR}/HyBid/HyBid.framework/PNLiteVASTPlayerRewardedViewController.nib",
				"${BUILT_PRODUCTS_DIR}/HyBid/HyBid.framework/PNLiteVASTPlayerViewController.nib",
				"${PODS_ROOT}/HyBid/PubnativeLite/PubnativeLite/Resources/skip.png",
				"${PODS_ROOT}/HyBid/PubnativeLite/PubnativeLite/Resources/skip@2x.png",
				"${PODS_ROOT}/HyBid/PubnativeLite/PubnativeLite/Resources/skip@3x.png",
				"${PODS_ROOT}/HyBid/PubnativeLite/PubnativeLite/Resources/sound-off.png",
				"${PODS_ROOT}/HyBid/PubnativeLite/PubnativeLite/Resources/sound-off@2x.png",
				"${PODS_ROOT}/HyBid/PubnativeLite/PubnativeLite/Resources/sound-off@3x.png",
				"${PODS_ROOT}/HyBid/PubnativeLite/PubnativeLite/Resources/sound-on.png",
				"${PODS_ROOT}/HyBid/PubnativeLite/PubnativeLite/Resources/sound-on@2x.png",
				"${PODS_ROOT}/HyBid/PubnativeLite/PubnativeLite/Resources/sound-on@3x.png",
				"${PODS_ROOT}/HyBid/PubnativeLite/PubnativeLite/Resources/VerveContentInfo.png",
				"${PODS_ROOT}/HyBid/PubnativeLite/PubnativeLite/OMSDK-1.4.10/omsdk.js",
				"${PODS_ROOT}/HyBid/PubnativeLite/PubnativeLite/Core/MRAID/hybidmraidscaling.js",
				"${PODS_ROOT}/HyBid/PubnativeLite/PubnativeLite/Core/MRAID/hybidscaling.js",
				"${PODS_ROOT}/HyBid/PubnativeLite/PubnativeLite/Core/MRAID/navigation_geolocation.js",
				"${PODS_CONFIGURATION_BUILD_DIR}/IQKeyboardManager/IQKeyboardManager.bundle",
				"${PODS_CONFIGURATION_BUILD_DIR}/IronSourceSDK/IronSourcePrivacyInfo.bundle",
				"${PODS_CONFIGURATION_BUILD_DIR}/MintegralAdSDK/MTGSDK.bundle",
				"${PODS_CONFIGURATION_BUILD_DIR}/PromisesObjC/FBLPromises_Privacy.bundle",
				"${PODS_ROOT}/SVProgressHUD/SVProgressHUD/SVProgressHUD.bundle",
				"${PODS_ROOT}/SVProgressHUD/SVProgressHUD/PrivacyInfo.xcprivacy",
				"${PODS_CONFIGURATION_BUILD_DIR}/UnityAds/UnityAds.bundle",
				"${PODS_CONFIGURATION_BUILD_DIR}/VungleAds/VungleAds.bundle",
				"${PODS_CONFIGURATION_BUILD_DIR}/XMKit_zhf/XMKit_zhf.bundle",
				"${PODS_CONFIGURATION_BUILD_DIR}/nanopb/nanopb_Privacy.bundle",
			);
			name = "[CP] Copy Pods Resources";
			outputPaths = (
				"${TARGET_BUILD_DIR}/${UNLOCALIZED_RESOURCES_FOLDER_PATH}/AppsFlyerLib_Privacy.bundle",
				"${TARGET_BUILD_DIR}/${UNLOCALIZED_RESOURCES_FOLDER_PATH}/FBAudienceNetwork.bundle",
				"${TARGET_BUILD_DIR}/${UNLOCALIZED_RESOURCES_FOLDER_PATH}/FMDB.bundle",
				"${TARGET_BUILD_DIR}/${UNLOCALIZED_RESOURCES_FOLDER_PATH}/FirebaseCore_Privacy.bundle",
				"${TARGET_BUILD_DIR}/${UNLOCALIZED_RESOURCES_FOLDER_PATH}/FirebaseCoreInternal_Privacy.bundle",
				"${TARGET_BUILD_DIR}/${UNLOCALIZED_RESOURCES_FOLDER_PATH}/FirebaseInstallations_Privacy.bundle",
				"${TARGET_BUILD_DIR}/${UNLOCALIZED_RESOURCES_FOLDER_PATH}/FirebaseMessaging_Privacy.bundle",
				"${TARGET_BUILD_DIR}/${UNLOCALIZED_RESOURCES_FOLDER_PATH}/Fyber_Marketplace_SDK.bundle",
				"${TARGET_BUILD_DIR}/${UNLOCALIZED_RESOURCES_FOLDER_PATH}/GoogleMobileAdsResources.bundle",
				"${TARGET_BUILD_DIR}/${UNLOCALIZED_RESOURCES_FOLDER_PATH}/GoogleDataTransport_Privacy.bundle",
				"${TARGET_BUILD_DIR}/${UNLOCALIZED_RESOURCES_FOLDER_PATH}/UserMessagingPlatformResources.bundle",
				"${TARGET_BUILD_DIR}/${UNLOCALIZED_RESOURCES_FOLDER_PATH}/GoogleUtilities_Privacy.bundle",
				"${TARGET_BUILD_DIR}/${UNLOCALIZED_RESOURCES_FOLDER_PATH}/HyBid_Privacy.bundle",
				"${TARGET_BUILD_DIR}/${UNLOCALIZED_RESOURCES_FOLDER_PATH}/close.png",
				"${TARGET_BUILD_DIR}/${UNLOCALIZED_RESOURCES_FOLDER_PATH}/close@2x.png",
				"${TARGET_BUILD_DIR}/${UNLOCALIZED_RESOURCES_FOLDER_PATH}/close@3x.png",
				"${TARGET_BUILD_DIR}/${UNLOCALIZED_RESOURCES_FOLDER_PATH}/HyBidCustomCTAView.nib",
				"${TARGET_BUILD_DIR}/${UNLOCALIZED_RESOURCES_FOLDER_PATH}/HyBidLocalizable.xcstrings",
				"${TARGET_BUILD_DIR}/${UNLOCALIZED_RESOURCES_FOLDER_PATH}/HyBidMRAIDCloseCardView.nib",
				"${TARGET_BUILD_DIR}/${UNLOCALIZED_RESOURCES_FOLDER_PATH}/PNLiteExternalLink.png",
				"${TARGET_BUILD_DIR}/${UNLOCALIZED_RESOURCES_FOLDER_PATH}/PNLiteExternalLink1.png",
				"${TARGET_BUILD_DIR}/${UNLOCALIZED_RESOURCES_FOLDER_PATH}/PNLiteExternalLink1@2x.png",
				"${TARGET_BUILD_DIR}/${UNLOCALIZED_RESOURCES_FOLDER_PATH}/PNLiteExternalLink1@3x.png",
				"${TARGET_BUILD_DIR}/${UNLOCALIZED_RESOURCES_FOLDER_PATH}/PNLiteExternalLink@2x.png",
				"${TARGET_BUILD_DIR}/${UNLOCALIZED_RESOURCES_FOLDER_PATH}/PNLiteFullScreen.png",
				"${TARGET_BUILD_DIR}/${UNLOCALIZED_RESOURCES_FOLDER_PATH}/PNLiteFullScreen@2x.png",
				"${TARGET_BUILD_DIR}/${UNLOCALIZED_RESOURCES_FOLDER_PATH}/PNLitePlay.png",
				"${TARGET_BUILD_DIR}/${UNLOCALIZED_RESOURCES_FOLDER_PATH}/PNLitePlay@2x.png",
				"${TARGET_BUILD_DIR}/${UNLOCALIZED_RESOURCES_FOLDER_PATH}/PNLiteSkip.png",
				"${TARGET_BUILD_DIR}/${UNLOCALIZED_RESOURCES_FOLDER_PATH}/PNLiteVASTPlayerFullScreenViewController.nib",
				"${TARGET_BUILD_DIR}/${UNLOCALIZED_RESOURCES_FOLDER_PATH}/PNLiteVASTPlayerInterstitialViewController.nib",
				"${TARGET_BUILD_DIR}/${UNLOCALIZED_RESOURCES_FOLDER_PATH}/PNLiteVASTPlayerRewardedViewController.nib",
				"${TARGET_BUILD_DIR}/${UNLOCALIZED_RESOURCES_FOLDER_PATH}/PNLiteVASTPlayerViewController.nib",
				"${TARGET_BUILD_DIR}/${UNLOCALIZED_RESOURCES_FOLDER_PATH}/skip.png",
				"${TARGET_BUILD_DIR}/${UNLOCALIZED_RESOURCES_FOLDER_PATH}/skip@2x.png",
				"${TARGET_BUILD_DIR}/${UNLOCALIZED_RESOURCES_FOLDER_PATH}/skip@3x.png",
				"${TARGET_BUILD_DIR}/${UNLOCALIZED_RESOURCES_FOLDER_PATH}/sound-off.png",
				"${TARGET_BUILD_DIR}/${UNLOCALIZED_RESOURCES_FOLDER_PATH}/sound-off@2x.png",
				"${TARGET_BUILD_DIR}/${UNLOCALIZED_RESOURCES_FOLDER_PATH}/sound-off@3x.png",
				"${TARGET_BUILD_DIR}/${UNLOCALIZED_RESOURCES_FOLDER_PATH}/sound-on.png",
				"${TARGET_BUILD_DIR}/${UNLOCALIZED_RESOURCES_FOLDER_PATH}/sound-on@2x.png",
				"${TARGET_BUILD_DIR}/${UNLOCALIZED_RESOURCES_FOLDER_PATH}/sound-on@3x.png",
				"${TARGET_BUILD_DIR}/${UNLOCALIZED_RESOURCES_FOLDER_PATH}/VerveContentInfo.png",
				"${TARGET_BUILD_DIR}/${UNLOCALIZED_RESOURCES_FOLDER_PATH}/omsdk.js",
				"${TARGET_BUILD_DIR}/${UNLOCALIZED_RESOURCES_FOLDER_PATH}/hybidmraidscaling.js",
				"${TARGET_BUILD_DIR}/${UNLOCALIZED_RESOURCES_FOLDER_PATH}/hybidscaling.js",
				"${TARGET_BUILD_DIR}/${UNLOCALIZED_RESOURCES_FOLDER_PATH}/navigation_geolocation.js",
				"${TARGET_BUILD_DIR}/${UNLOCALIZED_RESOURCES_FOLDER_PATH}/IQKeyboardManager.bundle",
				"${TARGET_BUILD_DIR}/${UNLOCALIZED_RESOURCES_FOLDER_PATH}/IronSourcePrivacyInfo.bundle",
				"${TARGET_BUILD_DIR}/${UNLOCALIZED_RESOURCES_FOLDER_PATH}/MTGSDK.bundle",
				"${TARGET_BUILD_DIR}/${UNLOCALIZED_RESOURCES_FOLDER_PATH}/FBLPromises_Privacy.bundle",
				"${TARGET_BUILD_DIR}/${UNLOCALIZED_RESOURCES_FOLDER_PATH}/SVProgressHUD.bundle",
				"${TARGET_BUILD_DIR}/${UNLOCALIZED_RESOURCES_FOLDER_PATH}/PrivacyInfo.xcprivacy",
				"${TARGET_BUILD_DIR}/${UNLOCALIZED_RESOURCES_FOLDER_PATH}/UnityAds.bundle",
				"${TARGET_BUILD_DIR}/${UNLOCALIZED_RESOURCES_FOLDER_PATH}/VungleAds.bundle",
				"${TARGET_BUILD_DIR}/${UNLOCALIZED_RESOURCES_FOLDER_PATH}/XMKit_zhf.bundle",
				"${TARGET_BUILD_DIR}/${UNLOCALIZED_RESOURCES_FOLDER_PATH}/nanopb_Privacy.bundle",
			);
			runOnlyForDeploymentPostprocessing = 0;
			shellPath = /bin/sh;
			shellScript = "\"${PODS_ROOT}/Target Support Files/Pods-XMKit_zhf_Example/Pods-XMKit_zhf_Example-resources.sh\"\n";
			showEnvVarsInLog = 0;
		};
/* End PBXShellScriptBuildPhase section */

/* Begin PBXSourcesBuildPhase section */
		6003F586195388D20070C39A /* Sources */ = {
			isa = PBXSourcesBuildPhase;
			buildActionMask = 2147483647;
			files = (
				6003F59E195388D20070C39A /* XMAppDelegate.m in Sources */,
				6003F5A7195388D20070C39A /* XMViewController.m in Sources */,
				6003F59A195388D20070C39A /* main.m in Sources */,
			);
			runOnlyForDeploymentPostprocessing = 0;
		};
/* End PBXSourcesBuildPhase section */

/* Begin PBXVariantGroup section */
		6003F596195388D20070C39A /* InfoPlist.strings */ = {
			isa = PBXVariantGroup;
			children = (
				6003F597195388D20070C39A /* en */,
			);
			name = InfoPlist.strings;
			sourceTree = "<group>";
		};
		71719F9D1E33DC2100824A3D /* LaunchScreen.storyboard */ = {
			isa = PBXVariantGroup;
			children = (
				71719F9E1E33DC2100824A3D /* Base */,
			);
			name = LaunchScreen.storyboard;
			sourceTree = "<group>";
		};
/* End PBXVariantGroup section */

/* Begin XCBuildConfiguration section */
		6003F5BD195388D20070C39A /* Debug */ = {
			isa = XCBuildConfiguration;
			buildSettings = {
				ALWAYS_SEARCH_USER_PATHS = NO;
				CLANG_CXX_LANGUAGE_STANDARD = "gnu++0x";
				CLANG_CXX_LIBRARY = "libc++";
				CLANG_ENABLE_MODULES = YES;
				CLANG_ENABLE_OBJC_ARC = YES;
				CLANG_WARN_BOOL_CONVERSION = YES;
				CLANG_WARN_CONSTANT_CONVERSION = YES;
				CLANG_WARN_DIRECT_OBJC_ISA_USAGE = YES_ERROR;
				CLANG_WARN_EMPTY_BODY = YES;
				CLANG_WARN_ENUM_CONVERSION = YES;
				CLANG_WARN_INT_CONVERSION = YES;
				CLANG_WARN_OBJC_ROOT_CLASS = YES_ERROR;
				CLANG_WARN__DUPLICATE_METHOD_MATCH = YES;
				"CODE_SIGN_IDENTITY[sdk=iphoneos*]" = "iPhone Developer";
				COPY_PHASE_STRIP = NO;
				ENABLE_TESTABILITY = YES;
				GCC_C_LANGUAGE_STANDARD = gnu99;
				GCC_DYNAMIC_NO_PIC = NO;
				GCC_OPTIMIZATION_LEVEL = 0;
				GCC_PREPROCESSOR_DEFINITIONS = (
					"DEBUG=1",
					"$(inherited)",
				);
				GCC_SYMBOLS_PRIVATE_EXTERN = NO;
				GCC_WARN_64_TO_32_BIT_CONVERSION = YES;
				GCC_WARN_ABOUT_RETURN_TYPE = YES_ERROR;
				GCC_WARN_UNDECLARED_SELECTOR = YES;
				GCC_WARN_UNINITIALIZED_AUTOS = YES_AGGRESSIVE;
				GCC_WARN_UNUSED_FUNCTION = YES;
				GCC_WARN_UNUSED_VARIABLE = YES;
				IPHONEOS_DEPLOYMENT_TARGET = 9.3;
				ONLY_ACTIVE_ARCH = YES;
				SDKROOT = iphoneos;
				TARGETED_DEVICE_FAMILY = "1,2";
			};
			name = Debug;
		};
		6003F5BE195388D20070C39A /* Release */ = {
			isa = XCBuildConfiguration;
			buildSettings = {
				ALWAYS_SEARCH_USER_PATHS = NO;
				CLANG_CXX_LANGUAGE_STANDARD = "gnu++0x";
				CLANG_CXX_LIBRARY = "libc++";
				CLANG_ENABLE_MODULES = YES;
				CLANG_ENABLE_OBJC_ARC = YES;
				CLANG_WARN_BOOL_CONVERSION = YES;
				CLANG_WARN_CONSTANT_CONVERSION = YES;
				CLANG_WARN_DIRECT_OBJC_ISA_USAGE = YES_ERROR;
				CLANG_WARN_EMPTY_BODY = YES;
				CLANG_WARN_ENUM_CONVERSION = YES;
				CLANG_WARN_INT_CONVERSION = YES;
				CLANG_WARN_OBJC_ROOT_CLASS = YES_ERROR;
				CLANG_WARN__DUPLICATE_METHOD_MATCH = YES;
				"CODE_SIGN_IDENTITY[sdk=iphoneos*]" = "iPhone Developer";
				COPY_PHASE_STRIP = YES;
				ENABLE_NS_ASSERTIONS = NO;
				GCC_C_LANGUAGE_STANDARD = gnu99;
				GCC_WARN_64_TO_32_BIT_CONVERSION = YES;
				GCC_WARN_ABOUT_RETURN_TYPE = YES_ERROR;
				GCC_WARN_UNDECLARED_SELECTOR = YES;
				GCC_WARN_UNINITIALIZED_AUTOS = YES_AGGRESSIVE;
				GCC_WARN_UNUSED_FUNCTION = YES;
				GCC_WARN_UNUSED_VARIABLE = YES;
				IPHONEOS_DEPLOYMENT_TARGET = 9.3;
				SDKROOT = iphoneos;
				TARGETED_DEVICE_FAMILY = "1,2";
				VALIDATE_PRODUCT = YES;
			};
			name = Release;
		};
		6003F5C0195388D20070C39A /* Debug */ = {
			isa = XCBuildConfiguration;
			baseConfigurationReference = 4D30DC0D1622FF4F0D374F00 /* Pods-XMKit_zhf_Example.debug.xcconfig */;
			buildSettings = {
				ASSETCATALOG_COMPILER_APPICON_NAME = AppIcon;
				CODE_SIGN_ENTITLEMENTS = XMKit_zhf_Example.entitlements;
				CODE_SIGN_IDENTITY = "Apple Development";
				"CODE_SIGN_IDENTITY[sdk=iphoneos*]" = "iPhone Developer";
				CODE_SIGN_STYLE = Manual;
				DEVELOPMENT_TEAM = "";
				"DEVELOPMENT_TEAM[sdk=iphoneos*]" = N9X3UYTVQM;
				GCC_PRECOMPILE_PREFIX_HEADER = YES;
				GCC_PREFIX_HEADER = "XMKit_zhf/XMKit_zhf-Prefix.pch";
				INFOPLIST_FILE = XMKit_zhf/Info.plist;
				IPHONEOS_DEPLOYMENT_TARGET = 13.0;
				MODULE_NAME = ExampleApp;
				PRODUCT_BUNDLE_IDENTIFIER = com.playmakers.ra;
				PRODUCT_NAME = "$(TARGET_NAME)";
				PROVISIONING_PROFILE_SPECIFIER = "";
				"PROVISIONING_PROFILE_SPECIFIER[sdk=iphoneos*]" = ilifeus_dev;
				SWIFT_VERSION = 4.0;
				WRAPPER_EXTENSION = app;
			};
			name = Debug;
		};
		6003F5C1195388D20070C39A /* Release */ = {
			isa = XCBuildConfiguration;
			baseConfigurationReference = 77996EE6A3F8292F3374678D /* Pods-XMKit_zhf_Example.release.xcconfig */;
			buildSettings = {
				ASSETCATALOG_COMPILER_APPICON_NAME = AppIcon;
				CODE_SIGN_ENTITLEMENTS = XMKit_zhf_Example.entitlements;
				CODE_SIGN_STYLE = Manual;
				DEVELOPMENT_TEAM = "";
				"DEVELOPMENT_TEAM[sdk=iphoneos*]" = N9X3UYTVQM;
				GCC_PRECOMPILE_PREFIX_HEADER = YES;
				GCC_PREFIX_HEADER = "XMKit_zhf/XMKit_zhf-Prefix.pch";
				INFOPLIST_FILE = XMKit_zhf/Info.plist;
				IPHONEOS_DEPLOYMENT_TARGET = 13.0;
				MODULE_NAME = ExampleApp;
				PRODUCT_BUNDLE_IDENTIFIER = com.playmakers.ra;
				PRODUCT_NAME = "$(TARGET_NAME)";
				PROVISIONING_PROFILE_SPECIFIER = "";
				"PROVISIONING_PROFILE_SPECIFIER[sdk=iphoneos*]" = ilifeus_dev;
				SWIFT_VERSION = 4.0;
				WRAPPER_EXTENSION = app;
			};
			name = Release;
		};
/* End XCBuildConfiguration section */

/* Begin XCConfigurationList section */
		6003F585195388D10070C39A /* Build configuration list for PBXProject "XMKit_zhf" */ = {
			isa = XCConfigurationList;
			buildConfigurations = (
				6003F5BD195388D20070C39A /* Debug */,
				6003F5BE195388D20070C39A /* Release */,
			);
			defaultConfigurationIsVisible = 0;
			defaultConfigurationName = Release;
		};
		6003F5BF195388D20070C39A /* Build configuration list for PBXNativeTarget "XMKit_zhf_Example" */ = {
			isa = XCConfigurationList;
			buildConfigurations = (
				6003F5C0195388D20070C39A /* Debug */,
				6003F5C1195388D20070C39A /* Release */,
			);
			defaultConfigurationIsVisible = 0;
			defaultConfigurationName = Release;
		};
/* End XCConfigurationList section */
	};
	rootObject = 6003F582195388D10070C39A /* Project object */;
}
